dependencies:
- name: mongodb
  repository: https://raw.githubusercontent.com/cowlingj/ecommerce-backend/master/helm/repo/
  version: 0.0.1
- name: helpers
  repository: https://raw.githubusercontent.com/cowlingj/ecommerce-backend/master/helm/repo/
  version: 0.0.1
digest: sha256:4148d03529506a355e1bbf784b130571abeabc692b357f1a2e9a1fdff55c7acf
generated: "2019-09-18T14:04:53.544879131+01:00"
