dependencies:
- name: helpers
  repository: http://localhost:8879
  version: 0.0.1
- name: postgres
  repository: http://localhost:8879
  version: 0.0.1
- name: elasticsearch
  repository: http://localhost:8879
  version: 0.0.1
digest: sha256:4ff6b3c2328057503ea368bab518b1b9956ae7d95ccb73bbbf697a8fb14e549e
generated: "2019-09-14T11:15:39.562247036+01:00"
