dependencies:
- name: helpers
  repository: https://raw.githubusercontent.com/cowlingj/ecommerce-backend/master/helm/repo/
  version: 0.0.1
- name: postgres
  repository: https://raw.githubusercontent.com/cowlingj/ecommerce-backend/master/helm/repo/
  version: 0.0.1
- name: elasticsearch
  repository: https://raw.githubusercontent.com/cowlingj/ecommerce-backend/master/helm/repo/
  version: 0.0.1
digest: sha256:e49bd63d4c269f620f8eabd017b57722c466d7f6a6c3f8417173103b09bdb365
generated: "2019-09-18T14:05:42.690855514+01:00"
